// !$*UTF8*$!
{
	archiveVersion = 1;
	classes = {
	};
	objectVersion = 56;
	objects = {

/* Begin PBXBuildFile section */
		4208E4AD29BDF5F100E2A5FC /* AircraftViewModel.swift in Sources */ = {isa = PBXBuildFile; fileRef = 4208E4AC29BDF5F100E2A5FC /* AircraftViewModel.swift */; };
		4208E4AF29BDF6D400E2A5FC /* Samples.swift in Sources */ = {isa = PBXBuildFile; fileRef = 4208E4AE29BDF6D400E2A5FC /* Samples.swift */; };
		4208E4B829BE29B100E2A5FC /* SwiftUIKit in Frameworks */ = {isa = PBXBuildFile; productRef = 4208E4B729BE29B100E2A5FC /* SwiftUIKit */; };
		4208E4BA29BE2E3D00E2A5FC /* PassengerListViewModel.swift in Sources */ = {isa = PBXBuildFile; fileRef = 4208E4B929BE2E3D00E2A5FC /* PassengerListViewModel.swift */; };
		4208E4BD29BE4E7400E2A5FC /* RZFlight in Frameworks */ = {isa = PBXBuildFile; productRef = 4208E4BC29BE4E7400E2A5FC /* RZFlight */; };
		4208E4C229BE5A1E00E2A5FC /* KnownAirports.swift in Sources */ = {isa = PBXBuildFile; fileRef = 4208E4C129BE5A1E00E2A5FC /* KnownAirports.swift */; };
		4208E4C529BE5CB300E2A5FC /* KDTree in Frameworks */ = {isa = PBXBuildFile; productRef = 4208E4C429BE5CB300E2A5FC /* KDTree */; };
		4208E4C929BE785000E2A5FC /* AirportField.swift in Sources */ = {isa = PBXBuildFile; fileRef = 4208E4C829BE785000E2A5FC /* AirportField.swift */; };
		4245DB1929BCBDB6004B9953 /* secrets.json in Resources */ = {isa = PBXBuildFile; fileRef = 4245DB1829BCBDB5004B9953 /* secrets.json */; };
		4245DB1C29BCBE40004B9953 /* Secrets.swift in Sources */ = {isa = PBXBuildFile; fileRef = 4245DB1B29BCBE40004B9953 /* Secrets.swift */; };
		4247B9AC29D22CDF00B312AC /* RZExternalUniversal in Frameworks */ = {isa = PBXBuildFile; productRef = 4247B9AB29D22CDF00B312AC /* RZExternalUniversal */; };
		4247B9B029D2310000B312AC /* combined-shapefile.dbf in Resources */ = {isa = PBXBuildFile; fileRef = 4247B9AE29D2310000B312AC /* combined-shapefile.dbf */; };
		4247B9B129D2310000B312AC /* combined-shapefile.shp in Resources */ = {isa = PBXBuildFile; fileRef = 4247B9AF29D2310000B312AC /* combined-shapefile.shp */; };
		4247B9B329D235F500B312AC /* combined-shapefile.shx in Resources */ = {isa = PBXBuildFile; fileRef = 4247B9B229D235F500B312AC /* combined-shapefile.shx */; };
		4247B9ED29D4A8E500B312AC /* MatchedAirport.swift in Sources */ = {isa = PBXBuildFile; fileRef = 4247B9EC29D4A8E500B312AC /* MatchedAirport.swift */; };
		4247B9EF29D4AA3100B312AC /* MatchedAircraft.swift in Sources */ = {isa = PBXBuildFile; fileRef = 4247B9EE29D4AA3100B312AC /* MatchedAircraft.swift */; };
		4247B9F129D4AA5D00B312AC /* AirportPicker.swift in Sources */ = {isa = PBXBuildFile; fileRef = 4247B9F029D4AA5D00B312AC /* AirportPicker.swift */; };
		4247B9F329D4AB0700B312AC /* AircraftField.swift in Sources */ = {isa = PBXBuildFile; fileRef = 4247B9F229D4AB0700B312AC /* AircraftField.swift */; };
		4260042D29BCF2D0003E0433 /* AirlineView.swift in Sources */ = {isa = PBXBuildFile; fileRef = 4260042C29BCF2D0003E0433 /* AirlineView.swift */; };
		4260042F29BCF415003E0433 /* AccountModel.swift in Sources */ = {isa = PBXBuildFile; fileRef = 4260042E29BCF415003E0433 /* AccountModel.swift */; };
		4260043129BCF66D003E0433 /* AirlineViewModel.swift in Sources */ = {isa = PBXBuildFile; fileRef = 4260043029BCF66D003E0433 /* AirlineViewModel.swift */; };
		4260043329BD1829003E0433 /* AircraftListView.swift in Sources */ = {isa = PBXBuildFile; fileRef = 4260043229BD1829003E0433 /* AircraftListView.swift */; };
		4260043529BD186A003E0433 /* AircraftListViewModel.swift in Sources */ = {isa = PBXBuildFile; fileRef = 4260043429BD186A003E0433 /* AircraftListViewModel.swift */; };
		4260043729BD18B9003E0433 /* Aircraft.swift in Sources */ = {isa = PBXBuildFile; fileRef = 4260043629BD18B9003E0433 /* Aircraft.swift */; };
		4260043F29BDCA72003E0433 /* InitialSigninView.swift in Sources */ = {isa = PBXBuildFile; fileRef = 4260043E29BDCA72003E0433 /* InitialSigninView.swift */; };
		4260044129BDCAF8003E0433 /* Passenger.swift in Sources */ = {isa = PBXBuildFile; fileRef = 4260044029BDCAF8003E0433 /* Passenger.swift */; };
		4260044329BDCBE2003E0433 /* PassengerListView.swift in Sources */ = {isa = PBXBuildFile; fileRef = 4260044229BDCBE2003E0433 /* PassengerListView.swift */; };
		4260044529BDD0F9003E0433 /* FlightListView.swift in Sources */ = {isa = PBXBuildFile; fileRef = 4260044429BDD0F9003E0433 /* FlightListView.swift */; };
		4260044729BDD127003E0433 /* TicketListView.swift in Sources */ = {isa = PBXBuildFile; fileRef = 4260044629BDD127003E0433 /* TicketListView.swift */; };
		4260044929BDD40E003E0433 /* AccountAndSettingsView.swift in Sources */ = {isa = PBXBuildFile; fileRef = 4260044829BDD40E003E0433 /* AccountAndSettingsView.swift */; };
		4260044E29BDD4DC003E0433 /* ToggleTextField.swift in Sources */ = {isa = PBXBuildFile; fileRef = 4260044D29BDD4DC003E0433 /* ToggleTextField.swift */; };
		4269B3EA29BBC84C009891C6 /* Assets.xcassets in Resources */ = {isa = PBXBuildFile; fileRef = 4269B3E929BBC84C009891C6 /* Assets.xcassets */; };
		4269B3ED29BBC84C009891C6 /* Preview Assets.xcassets in Resources */ = {isa = PBXBuildFile; fileRef = 4269B3EC29BBC84C009891C6 /* Preview Assets.xcassets */; };
		4269B3F729BBC84D009891C6 /* flyfunboardingTests.swift in Sources */ = {isa = PBXBuildFile; fileRef = 4269B3F629BBC84D009891C6 /* flyfunboardingTests.swift */; };
		4269B40129BBC84D009891C6 /* flyfunboardingUITests.swift in Sources */ = {isa = PBXBuildFile; fileRef = 4269B40029BBC84D009891C6 /* flyfunboardingUITests.swift */; };
		4269B40329BBC84D009891C6 /* flyfunboardingUITestsLaunchTests.swift in Sources */ = {isa = PBXBuildFile; fileRef = 4269B40229BBC84D009891C6 /* flyfunboardingUITestsLaunchTests.swift */; };
		4269B41929BBCA9D009891C6 /* MainView.swift in Sources */ = {isa = PBXBuildFile; fileRef = 4269B41829BBCA9D009891C6 /* MainView.swift */; };
		4269B41B29BBCAB6009891C6 /* FlyFunBoardingApp.swift in Sources */ = {isa = PBXBuildFile; fileRef = 4269B41A29BBCAB6009891C6 /* FlyFunBoardingApp.swift */; };
		4269B42329BC75CA009891C6 /* RZData in Frameworks */ = {isa = PBXBuildFile; productRef = 4269B42229BC75CA009891C6 /* RZData */; };
		4269B42529BC75CA009891C6 /* RZUtils in Frameworks */ = {isa = PBXBuildFile; productRef = 4269B42429BC75CA009891C6 /* RZUtils */; };
		4269B42729BC75CA009891C6 /* RZUtilsSwift in Frameworks */ = {isa = PBXBuildFile; productRef = 4269B42629BC75CA009891C6 /* RZUtilsSwift */; };
		4269B42929BC75CA009891C6 /* RZUtilsUniversal in Frameworks */ = {isa = PBXBuildFile; productRef = 4269B42829BC75CA009891C6 /* RZUtilsUniversal */; };
		4269B42B29BC75E9009891C6 /* Settings.swift in Sources */ = {isa = PBXBuildFile; fileRef = 4269B42A29BC75E9009891C6 /* Settings.swift */; };
		4269B42E29BC77B3009891C6 /* Log.swift in Sources */ = {isa = PBXBuildFile; fileRef = 4269B42D29BC77B3009891C6 /* Log.swift */; };
		4269B43529BCA4EA009891C6 /* sample_aircrafts.json in Resources */ = {isa = PBXBuildFile; fileRef = 4269B43029BCA4EA009891C6 /* sample_aircrafts.json */; };
		4269B43629BCA4EA009891C6 /* sample_flights.json in Resources */ = {isa = PBXBuildFile; fileRef = 4269B43129BCA4EA009891C6 /* sample_flights.json */; };
		4269B43729BCA4EA009891C6 /* sample_airline.json in Resources */ = {isa = PBXBuildFile; fileRef = 4269B43229BCA4EA009891C6 /* sample_airline.json */; };
		4269B43829BCA4EA009891C6 /* sample_passengers.json in Resources */ = {isa = PBXBuildFile; fileRef = 4269B43329BCA4EA009891C6 /* sample_passengers.json */; };
		4269B43929BCA4EA009891C6 /* sample_tickets.json in Resources */ = {isa = PBXBuildFile; fileRef = 4269B43429BCA4EA009891C6 /* sample_tickets.json */; };
		4269B43C29BCB0A9009891C6 /* Airline.swift in Sources */ = {isa = PBXBuildFile; fileRef = 4269B43B29BCB0A9009891C6 /* Airline.swift */; };
		4269B43E29BCB1E6009891C6 /* RemoteService.swift in Sources */ = {isa = PBXBuildFile; fileRef = 4269B43D29BCB1E6009891C6 /* RemoteService.swift */; };
		426A29E129C26ABD00CACB19 /* AircraftEditView.swift in Sources */ = {isa = PBXBuildFile; fileRef = 426A29E029C26ABD00CACB19 /* AircraftEditView.swift */; };
		42BBE9B329D0512300543641 /* CodeScanner in Frameworks */ = {isa = PBXBuildFile; productRef = 42BBE9B229D0512300543641 /* CodeScanner */; };
		42D9406829C3C35B00622CF3 /* FlightEditView.swift in Sources */ = {isa = PBXBuildFile; fileRef = 42D9406729C3C35B00622CF3 /* FlightEditView.swift */; };
		42D9406A29C3C3D800622CF3 /* FlightListViewModel.swift in Sources */ = {isa = PBXBuildFile; fileRef = 42D9406929C3C3D800622CF3 /* FlightListViewModel.swift */; };
		42D9406C29C3C75600622CF3 /* FlightRowView.swift in Sources */ = {isa = PBXBuildFile; fileRef = 42D9406B29C3C75600622CF3 /* FlightRowView.swift */; };
		42D9406F29C3C87B00622CF3 /* FlightViewModel.swift in Sources */ = {isa = PBXBuildFile; fileRef = 42D9406E29C3C87B00622CF3 /* FlightViewModel.swift */; };
		42D9407129C3D0B700622CF3 /* TicketListViewModel.swift in Sources */ = {isa = PBXBuildFile; fileRef = 42D9407029C3D0B700622CF3 /* TicketListViewModel.swift */; };
		42D9407329C3D37A00622CF3 /* TicketRowView.swift in Sources */ = {isa = PBXBuildFile; fileRef = 42D9407229C3D37A00622CF3 /* TicketRowView.swift */; };
		42D9407529C3D48300622CF3 /* TicketEditView.swift in Sources */ = {isa = PBXBuildFile; fileRef = 42D9407429C3D48300622CF3 /* TicketEditView.swift */; };
		42D9407729C4FCAC00622CF3 /* AircraftPicker.swift in Sources */ = {isa = PBXBuildFile; fileRef = 42D9407629C4FCAC00622CF3 /* AircraftPicker.swift */; };
		42D9407929C6617200622CF3 /* SwiftStringScore.swift in Sources */ = {isa = PBXBuildFile; fileRef = 42D9407829C6617200622CF3 /* SwiftStringScore.swift */; };
		42D9407B29C7212800622CF3 /* StyleModifiers.swift in Sources */ = {isa = PBXBuildFile; fileRef = 42D9407A29C7212800622CF3 /* StyleModifiers.swift */; };
		42D940B329CA28C900622CF3 /* ScanTicketView.swift in Sources */ = {isa = PBXBuildFile; fileRef = 42D940B229CA28C900622CF3 /* ScanTicketView.swift */; };
		42D940B829CB9CA200622CF3 /* TicketViewModel.swift in Sources */ = {isa = PBXBuildFile; fileRef = 42D940B729CB9CA200622CF3 /* TicketViewModel.swift */; };
		42D940BA29CB9D8B00622CF3 /* StandardEditButtons.swift in Sources */ = {isa = PBXBuildFile; fileRef = 42D940B929CB9D8B00622CF3 /* StandardEditButtons.swift */; };
		42D940BC29CCDD6F00622CF3 /* CryptoExtensions.swift in Sources */ = {isa = PBXBuildFile; fileRef = 42D940BB29CCDD6F00622CF3 /* CryptoExtensions.swift */; };
		42D940C029CCF8CA00622CF3 /* FlightPicker.swift in Sources */ = {isa = PBXBuildFile; fileRef = 42D940BF29CCF8CA00622CF3 /* FlightPicker.swift */; };
		42D940C229CCFCD800622CF3 /* PassengerPicker.swift in Sources */ = {isa = PBXBuildFile; fileRef = 42D940C129CCFCD800622CF3 /* PassengerPicker.swift */; };
		42D940C429CE354900622CF3 /* IconWithBadge.swift in Sources */ = {isa = PBXBuildFile; fileRef = 42D940C329CE354900622CF3 /* IconWithBadge.swift */; };
		42D940C629CEF31F00622CF3 /* Stats.swift in Sources */ = {isa = PBXBuildFile; fileRef = 42D940C529CEF31F00622CF3 /* Stats.swift */; };
		42D940C829CEF5AB00622CF3 /* PassengerRowView.swift in Sources */ = {isa = PBXBuildFile; fileRef = 42D940C729CEF5AB00622CF3 /* PassengerRowView.swift */; };
		42D940CA29CEF86F00622CF3 /* StatsView.swift in Sources */ = {isa = PBXBuildFile; fileRef = 42D940C929CEF86F00622CF3 /* StatsView.swift */; };
		42E58E1929BFD45000185971 /* airports.db in Resources */ = {isa = PBXBuildFile; fileRef = 42E58E1829BFD45000185971 /* airports.db */; };
		42E58E1B29BFE36900185971 /* Flight.swift in Sources */ = {isa = PBXBuildFile; fileRef = 42E58E1A29BFE36900185971 /* Flight.swift */; };
		42E58E1D29BFE67100185971 /* Ticket.swift in Sources */ = {isa = PBXBuildFile; fileRef = 42E58E1C29BFE67100185971 /* Ticket.swift */; };
		42E58E2029C2590200185971 /* Localizable.strings in Resources */ = {isa = PBXBuildFile; fileRef = 42E58E2229C2590200185971 /* Localizable.strings */; };
		42E58E2529C25A2F00185971 /* AircraftRowView.swift in Sources */ = {isa = PBXBuildFile; fileRef = 42E58E2429C25A2F00185971 /* AircraftRowView.swift */; };
/* End PBXBuildFile section */

/* Begin PBXContainerItemProxy section */
		4269B3F329BBC84D009891C6 /* PBXContainerItemProxy */ = {
			isa = PBXContainerItemProxy;
			containerPortal = 4269B3DA29BBC84C009891C6 /* Project object */;
			proxyType = 1;
			remoteGlobalIDString = 4269B3E129BBC84C009891C6;
			remoteInfo = flyfunboarding;
		};
		4269B3FD29BBC84D009891C6 /* PBXContainerItemProxy */ = {
			isa = PBXContainerItemProxy;
			containerPortal = 4269B3DA29BBC84C009891C6 /* Project object */;
			proxyType = 1;
			remoteGlobalIDString = 4269B3E129BBC84C009891C6;
			remoteInfo = flyfunboarding;
		};
/* End PBXContainerItemProxy section */

/* Begin PBXFileReference section */
		4208E4AC29BDF5F100E2A5FC /* AircraftViewModel.swift */ = {isa = PBXFileReference; lastKnownFileType = sourcecode.swift; name = AircraftViewModel.swift; path = Source/AircraftViewModel.swift; sourceTree = "<group>"; };
		4208E4AE29BDF6D400E2A5FC /* Samples.swift */ = {isa = PBXFileReference; lastKnownFileType = sourcecode.swift; name = Samples.swift; path = Source/Samples.swift; sourceTree = "<group>"; };
		4208E4B929BE2E3D00E2A5FC /* PassengerListViewModel.swift */ = {isa = PBXFileReference; lastKnownFileType = sourcecode.swift; name = PassengerListViewModel.swift; path = Source/PassengerListViewModel.swift; sourceTree = "<group>"; };
		4208E4C129BE5A1E00E2A5FC /* KnownAirports.swift */ = {isa = PBXFileReference; lastKnownFileType = sourcecode.swift; name = KnownAirports.swift; path = Source/KnownAirports.swift; sourceTree = "<group>"; };
		4208E4C829BE785000E2A5FC /* AirportField.swift */ = {isa = PBXFileReference; lastKnownFileType = sourcecode.swift; name = AirportField.swift; path = Source/AirportField.swift; sourceTree = "<group>"; };
		4245DB1829BCBDB5004B9953 /* secrets.json */ = {isa = PBXFileReference; fileEncoding = 4; lastKnownFileType = text.json; path = secrets.json; sourceTree = "<group>"; };
		4245DB1B29BCBE40004B9953 /* Secrets.swift */ = {isa = PBXFileReference; lastKnownFileType = sourcecode.swift; name = Secrets.swift; path = Source/Secrets.swift; sourceTree = "<group>"; };
		4247B9AE29D2310000B312AC /* combined-shapefile.dbf */ = {isa = PBXFileReference; lastKnownFileType = file; name = "combined-shapefile.dbf"; path = "python/timezones/combined-shapefile.dbf"; sourceTree = "<group>"; };
		4247B9AF29D2310000B312AC /* combined-shapefile.shp */ = {isa = PBXFileReference; lastKnownFileType = file; name = "combined-shapefile.shp"; path = "python/timezones/combined-shapefile.shp"; sourceTree = "<group>"; };
		4247B9B229D235F500B312AC /* combined-shapefile.shx */ = {isa = PBXFileReference; lastKnownFileType = file; name = "combined-shapefile.shx"; path = "python/timezones/combined-shapefile.shx"; sourceTree = "<group>"; };
		4247B9B429D24EEE00B312AC /* Info.plist */ = {isa = PBXFileReference; lastKnownFileType = text.plist; path = Info.plist; sourceTree = "<group>"; };
		4247B9EC29D4A8E500B312AC /* MatchedAirport.swift */ = {isa = PBXFileReference; lastKnownFileType = sourcecode.swift; name = MatchedAirport.swift; path = Source/MatchedAirport.swift; sourceTree = "<group>"; };
		4247B9EE29D4AA3100B312AC /* MatchedAircraft.swift */ = {isa = PBXFileReference; lastKnownFileType = sourcecode.swift; name = MatchedAircraft.swift; path = Source/MatchedAircraft.swift; sourceTree = "<group>"; };
		4247B9F029D4AA5D00B312AC /* AirportPicker.swift */ = {isa = PBXFileReference; lastKnownFileType = sourcecode.swift; name = AirportPicker.swift; path = Source/AirportPicker.swift; sourceTree = "<group>"; };
		4247B9F229D4AB0700B312AC /* AircraftField.swift */ = {isa = PBXFileReference; lastKnownFileType = sourcecode.swift; name = AircraftField.swift; path = Source/AircraftField.swift; sourceTree = "<group>"; };
		4260042C29BCF2D0003E0433 /* AirlineView.swift */ = {isa = PBXFileReference; lastKnownFileType = sourcecode.swift; name = AirlineView.swift; path = Source/AirlineView.swift; sourceTree = "<group>"; };
		4260042E29BCF415003E0433 /* AccountModel.swift */ = {isa = PBXFileReference; lastKnownFileType = sourcecode.swift; name = AccountModel.swift; path = Source/AccountModel.swift; sourceTree = "<group>"; };
		4260043029BCF66D003E0433 /* AirlineViewModel.swift */ = {isa = PBXFileReference; lastKnownFileType = sourcecode.swift; name = AirlineViewModel.swift; path = Source/AirlineViewModel.swift; sourceTree = "<group>"; };
		4260043229BD1829003E0433 /* AircraftListView.swift */ = {isa = PBXFileReference; lastKnownFileType = sourcecode.swift; name = AircraftListView.swift; path = Source/AircraftListView.swift; sourceTree = "<group>"; };
		4260043429BD186A003E0433 /* AircraftListViewModel.swift */ = {isa = PBXFileReference; lastKnownFileType = sourcecode.swift; name = AircraftListViewModel.swift; path = Source/AircraftListViewModel.swift; sourceTree = "<group>"; };
		4260043629BD18B9003E0433 /* Aircraft.swift */ = {isa = PBXFileReference; lastKnownFileType = sourcecode.swift; name = Aircraft.swift; path = Source/Aircraft.swift; sourceTree = "<group>"; };
		4260043E29BDCA72003E0433 /* InitialSigninView.swift */ = {isa = PBXFileReference; fileEncoding = 4; lastKnownFileType = sourcecode.swift; name = InitialSigninView.swift; path = Source/InitialSigninView.swift; sourceTree = "<group>"; };
		4260044029BDCAF8003E0433 /* Passenger.swift */ = {isa = PBXFileReference; lastKnownFileType = sourcecode.swift; name = Passenger.swift; path = Source/Passenger.swift; sourceTree = "<group>"; };
		4260044229BDCBE2003E0433 /* PassengerListView.swift */ = {isa = PBXFileReference; lastKnownFileType = sourcecode.swift; name = PassengerListView.swift; path = Source/PassengerListView.swift; sourceTree = "<group>"; };
		4260044429BDD0F9003E0433 /* FlightListView.swift */ = {isa = PBXFileReference; lastKnownFileType = sourcecode.swift; name = FlightListView.swift; path = Source/FlightListView.swift; sourceTree = "<group>"; };
		4260044629BDD127003E0433 /* TicketListView.swift */ = {isa = PBXFileReference; lastKnownFileType = sourcecode.swift; name = TicketListView.swift; path = Source/TicketListView.swift; sourceTree = "<group>"; };
		4260044829BDD40E003E0433 /* AccountAndSettingsView.swift */ = {isa = PBXFileReference; lastKnownFileType = sourcecode.swift; name = AccountAndSettingsView.swift; path = Source/AccountAndSettingsView.swift; sourceTree = "<group>"; };
		4260044D29BDD4DC003E0433 /* ToggleTextField.swift */ = {isa = PBXFileReference; lastKnownFileType = sourcecode.swift; name = ToggleTextField.swift; path = Source/ToggleTextField.swift; sourceTree = "<group>"; };
		4269B3E229BBC84C009891C6 /* flyfunboarding.app */ = {isa = PBXFileReference; explicitFileType = wrapper.application; includeInIndex = 0; path = flyfunboarding.app; sourceTree = BUILT_PRODUCTS_DIR; };
		4269B3E929BBC84C009891C6 /* Assets.xcassets */ = {isa = PBXFileReference; lastKnownFileType = folder.assetcatalog; path = Assets.xcassets; sourceTree = "<group>"; };
		4269B3EC29BBC84C009891C6 /* Preview Assets.xcassets */ = {isa = PBXFileReference; lastKnownFileType = folder.assetcatalog; path = "Preview Assets.xcassets"; sourceTree = "<group>"; };
		4269B3F229BBC84D009891C6 /* flyfunboardingTests.xctest */ = {isa = PBXFileReference; explicitFileType = wrapper.cfbundle; includeInIndex = 0; path = flyfunboardingTests.xctest; sourceTree = BUILT_PRODUCTS_DIR; };
		4269B3F629BBC84D009891C6 /* flyfunboardingTests.swift */ = {isa = PBXFileReference; lastKnownFileType = sourcecode.swift; path = flyfunboardingTests.swift; sourceTree = "<group>"; };
		4269B3FC29BBC84D009891C6 /* flyfunboardingUITests.xctest */ = {isa = PBXFileReference; explicitFileType = wrapper.cfbundle; includeInIndex = 0; path = flyfunboardingUITests.xctest; sourceTree = BUILT_PRODUCTS_DIR; };
		4269B40029BBC84D009891C6 /* flyfunboardingUITests.swift */ = {isa = PBXFileReference; lastKnownFileType = sourcecode.swift; path = flyfunboardingUITests.swift; sourceTree = "<group>"; };
		4269B40229BBC84D009891C6 /* flyfunboardingUITestsLaunchTests.swift */ = {isa = PBXFileReference; lastKnownFileType = sourcecode.swift; path = flyfunboardingUITestsLaunchTests.swift; sourceTree = "<group>"; };
		4269B40F29BBC9A9009891C6 /* flyfunboarding.entitlements */ = {isa = PBXFileReference; lastKnownFileType = text.plist.entitlements; path = flyfunboarding.entitlements; sourceTree = "<group>"; };
		4269B41829BBCA9D009891C6 /* MainView.swift */ = {isa = PBXFileReference; fileEncoding = 4; lastKnownFileType = sourcecode.swift; name = MainView.swift; path = Source/MainView.swift; sourceTree = "<group>"; };
		4269B41A29BBCAB6009891C6 /* FlyFunBoardingApp.swift */ = {isa = PBXFileReference; fileEncoding = 4; lastKnownFileType = sourcecode.swift; name = FlyFunBoardingApp.swift; path = Source/FlyFunBoardingApp.swift; sourceTree = "<group>"; };
		4269B42A29BC75E9009891C6 /* Settings.swift */ = {isa = PBXFileReference; lastKnownFileType = sourcecode.swift; name = Settings.swift; path = Source/Settings.swift; sourceTree = "<group>"; };
		4269B42D29BC77B3009891C6 /* Log.swift */ = {isa = PBXFileReference; lastKnownFileType = sourcecode.swift; name = Log.swift; path = Source/Log.swift; sourceTree = "<group>"; };
		4269B42F29BCA00B009891C6 /* FlyFunBoarding-Bridging-Header.h */ = {isa = PBXFileReference; fileEncoding = 4; lastKnownFileType = sourcecode.c.h; name = "FlyFunBoarding-Bridging-Header.h"; path = "Source/FlyFunBoarding-Bridging-Header.h"; sourceTree = "<group>"; };
		4269B43029BCA4EA009891C6 /* sample_aircrafts.json */ = {isa = PBXFileReference; fileEncoding = 4; lastKnownFileType = text.json; path = sample_aircrafts.json; sourceTree = "<group>"; };
		4269B43129BCA4EA009891C6 /* sample_flights.json */ = {isa = PBXFileReference; fileEncoding = 4; lastKnownFileType = text.json; path = sample_flights.json; sourceTree = "<group>"; };
		4269B43229BCA4EA009891C6 /* sample_airline.json */ = {isa = PBXFileReference; fileEncoding = 4; lastKnownFileType = text.json; path = sample_airline.json; sourceTree = "<group>"; };
		4269B43329BCA4EA009891C6 /* sample_passengers.json */ = {isa = PBXFileReference; fileEncoding = 4; lastKnownFileType = text.json; path = sample_passengers.json; sourceTree = "<group>"; };
		4269B43429BCA4EA009891C6 /* sample_tickets.json */ = {isa = PBXFileReference; fileEncoding = 4; lastKnownFileType = text.json; path = sample_tickets.json; sourceTree = "<group>"; };
		4269B43B29BCB0A9009891C6 /* Airline.swift */ = {isa = PBXFileReference; lastKnownFileType = sourcecode.swift; name = Airline.swift; path = Source/Airline.swift; sourceTree = "<group>"; };
		4269B43D29BCB1E6009891C6 /* RemoteService.swift */ = {isa = PBXFileReference; lastKnownFileType = sourcecode.swift; name = RemoteService.swift; path = Source/RemoteService.swift; sourceTree = "<group>"; };
		426A29E029C26ABD00CACB19 /* AircraftEditView.swift */ = {isa = PBXFileReference; lastKnownFileType = sourcecode.swift; name = AircraftEditView.swift; path = Source/AircraftEditView.swift; sourceTree = "<group>"; };
		42D9406729C3C35B00622CF3 /* FlightEditView.swift */ = {isa = PBXFileReference; lastKnownFileType = sourcecode.swift; name = FlightEditView.swift; path = Source/FlightEditView.swift; sourceTree = "<group>"; };
		42D9406929C3C3D800622CF3 /* FlightListViewModel.swift */ = {isa = PBXFileReference; lastKnownFileType = sourcecode.swift; name = FlightListViewModel.swift; path = Source/FlightListViewModel.swift; sourceTree = "<group>"; };
		42D9406B29C3C75600622CF3 /* FlightRowView.swift */ = {isa = PBXFileReference; lastKnownFileType = sourcecode.swift; name = FlightRowView.swift; path = Source/FlightRowView.swift; sourceTree = "<group>"; };
		42D9406E29C3C87B00622CF3 /* FlightViewModel.swift */ = {isa = PBXFileReference; lastKnownFileType = sourcecode.swift; name = FlightViewModel.swift; path = Source/FlightViewModel.swift; sourceTree = "<group>"; };
		42D9407029C3D0B700622CF3 /* TicketListViewModel.swift */ = {isa = PBXFileReference; lastKnownFileType = sourcecode.swift; name = TicketListViewModel.swift; path = Source/TicketListViewModel.swift; sourceTree = "<group>"; };
		42D9407229C3D37A00622CF3 /* TicketRowView.swift */ = {isa = PBXFileReference; lastKnownFileType = sourcecode.swift; name = TicketRowView.swift; path = Source/TicketRowView.swift; sourceTree = "<group>"; };
		42D9407429C3D48300622CF3 /* TicketEditView.swift */ = {isa = PBXFileReference; lastKnownFileType = sourcecode.swift; name = TicketEditView.swift; path = Source/TicketEditView.swift; sourceTree = "<group>"; };
		42D9407629C4FCAC00622CF3 /* AircraftPicker.swift */ = {isa = PBXFileReference; lastKnownFileType = sourcecode.swift; name = AircraftPicker.swift; path = Source/AircraftPicker.swift; sourceTree = "<group>"; };
		42D9407829C6617200622CF3 /* SwiftStringScore.swift */ = {isa = PBXFileReference; lastKnownFileType = sourcecode.swift; name = SwiftStringScore.swift; path = Source/SwiftStringScore.swift; sourceTree = "<group>"; };
		42D9407A29C7212800622CF3 /* StyleModifiers.swift */ = {isa = PBXFileReference; lastKnownFileType = sourcecode.swift; name = StyleModifiers.swift; path = Source/StyleModifiers.swift; sourceTree = "<group>"; };
		42D940B229CA28C900622CF3 /* ScanTicketView.swift */ = {isa = PBXFileReference; lastKnownFileType = sourcecode.swift; name = ScanTicketView.swift; path = Source/ScanTicketView.swift; sourceTree = "<group>"; };
		42D940B729CB9CA200622CF3 /* TicketViewModel.swift */ = {isa = PBXFileReference; lastKnownFileType = sourcecode.swift; name = TicketViewModel.swift; path = Source/TicketViewModel.swift; sourceTree = "<group>"; };
		42D940B929CB9D8B00622CF3 /* StandardEditButtons.swift */ = {isa = PBXFileReference; lastKnownFileType = sourcecode.swift; name = StandardEditButtons.swift; path = Source/StandardEditButtons.swift; sourceTree = "<group>"; };
		42D940BB29CCDD6F00622CF3 /* CryptoExtensions.swift */ = {isa = PBXFileReference; lastKnownFileType = sourcecode.swift; name = CryptoExtensions.swift; path = Source/CryptoExtensions.swift; sourceTree = "<group>"; };
		42D940BF29CCF8CA00622CF3 /* FlightPicker.swift */ = {isa = PBXFileReference; lastKnownFileType = sourcecode.swift; name = FlightPicker.swift; path = Source/FlightPicker.swift; sourceTree = "<group>"; };
		42D940C129CCFCD800622CF3 /* PassengerPicker.swift */ = {isa = PBXFileReference; lastKnownFileType = sourcecode.swift; name = PassengerPicker.swift; path = Source/PassengerPicker.swift; sourceTree = "<group>"; };
		42D940C329CE354900622CF3 /* IconWithBadge.swift */ = {isa = PBXFileReference; lastKnownFileType = sourcecode.swift; name = IconWithBadge.swift; path = Source/IconWithBadge.swift; sourceTree = "<group>"; };
		42D940C529CEF31F00622CF3 /* Stats.swift */ = {isa = PBXFileReference; lastKnownFileType = sourcecode.swift; name = Stats.swift; path = Source/Stats.swift; sourceTree = "<group>"; };
		42D940C729CEF5AB00622CF3 /* PassengerRowView.swift */ = {isa = PBXFileReference; lastKnownFileType = sourcecode.swift; name = PassengerRowView.swift; path = Source/PassengerRowView.swift; sourceTree = "<group>"; };
		42D940C929CEF86F00622CF3 /* StatsView.swift */ = {isa = PBXFileReference; lastKnownFileType = sourcecode.swift; name = StatsView.swift; path = Source/StatsView.swift; sourceTree = "<group>"; };
		42E58E1829BFD45000185971 /* airports.db */ = {isa = PBXFileReference; fileEncoding = 4; lastKnownFileType = text; name = airports.db; path = python/airports.db; sourceTree = "<group>"; };
		42E58E1A29BFE36900185971 /* Flight.swift */ = {isa = PBXFileReference; lastKnownFileType = sourcecode.swift; name = Flight.swift; path = Source/Flight.swift; sourceTree = "<group>"; };
		42E58E1C29BFE67100185971 /* Ticket.swift */ = {isa = PBXFileReference; lastKnownFileType = sourcecode.swift; name = Ticket.swift; path = Source/Ticket.swift; sourceTree = "<group>"; };
		42E58E2129C2590200185971 /* en */ = {isa = PBXFileReference; lastKnownFileType = text.plist.strings; name = en; path = en.lproj/Localizable.strings; sourceTree = "<group>"; };
		42E58E2329C2590700185971 /* fr */ = {isa = PBXFileReference; lastKnownFileType = text.plist.strings; name = fr; path = fr.lproj/Localizable.strings; sourceTree = "<group>"; };
		42E58E2429C25A2F00185971 /* AircraftRowView.swift */ = {isa = PBXFileReference; lastKnownFileType = sourcecode.swift; name = AircraftRowView.swift; path = Source/AircraftRowView.swift; sourceTree = "<group>"; };
/* End PBXFileReference section */

/* Begin PBXFrameworksBuildPhase section */
		4269B3DF29BBC84C009891C6 /* Frameworks */ = {
			isa = PBXFrameworksBuildPhase;
			buildActionMask = 2147483647;
			files = (
				42BBE9B329D0512300543641 /* CodeScanner in Frameworks */,
				4269B42529BC75CA009891C6 /* RZUtils in Frameworks */,
				4269B42329BC75CA009891C6 /* RZData in Frameworks */,
				4247B9AC29D22CDF00B312AC /* RZExternalUniversal in Frameworks */,
				4269B42929BC75CA009891C6 /* RZUtilsUniversal in Frameworks */,
				4208E4B829BE29B100E2A5FC /* SwiftUIKit in Frameworks */,
				4208E4BD29BE4E7400E2A5FC /* RZFlight in Frameworks */,
				4269B42729BC75CA009891C6 /* RZUtilsSwift in Frameworks */,
				4208E4C529BE5CB300E2A5FC /* KDTree in Frameworks */,
			);
			runOnlyForDeploymentPostprocessing = 0;
		};
		4269B3EF29BBC84D009891C6 /* Frameworks */ = {
			isa = PBXFrameworksBuildPhase;
			buildActionMask = 2147483647;
			files = (
			);
			runOnlyForDeploymentPostprocessing = 0;
		};
		4269B3F929BBC84D009891C6 /* Frameworks */ = {
			isa = PBXFrameworksBuildPhase;
			buildActionMask = 2147483647;
			files = (
			);
			runOnlyForDeploymentPostprocessing = 0;
		};
/* End PBXFrameworksBuildPhase section */

/* Begin PBXGroup section */
		4245DB1A29BCBDC0004B9953 /* SupportingFiles */ = {
			isa = PBXGroup;
			children = (
				4247B9B229D235F500B312AC /* combined-shapefile.shx */,
				4247B9AE29D2310000B312AC /* combined-shapefile.dbf */,
				4247B9AF29D2310000B312AC /* combined-shapefile.shp */,
				42E58E1829BFD45000185971 /* airports.db */,
				4245DB1829BCBDB5004B9953 /* secrets.json */,
				4269B42F29BCA00B009891C6 /* FlyFunBoarding-Bridging-Header.h */,
				42E58E2229C2590200185971 /* Localizable.strings */,
			);
			name = SupportingFiles;
			sourceTree = "<group>";
		};
		4247B9EB29D4A8C300B312AC /* Matched */ = {
			isa = PBXGroup;
			children = (
				4247B9EC29D4A8E500B312AC /* MatchedAirport.swift */,
				4247B9EE29D4AA3100B312AC /* MatchedAircraft.swift */,
			);
			name = Matched;
			sourceTree = "<group>";
		};
		4260044A29BDD494003E0433 /* ViewModels */ = {
			isa = PBXGroup;
			children = (
				4260042E29BCF415003E0433 /* AccountModel.swift */,
				4260043029BCF66D003E0433 /* AirlineViewModel.swift */,
				4260043429BD186A003E0433 /* AircraftListViewModel.swift */,
				4208E4AC29BDF5F100E2A5FC /* AircraftViewModel.swift */,
				4208E4B929BE2E3D00E2A5FC /* PassengerListViewModel.swift */,
				42D9406929C3C3D800622CF3 /* FlightListViewModel.swift */,
				42D9406E29C3C87B00622CF3 /* FlightViewModel.swift */,
				42D9407029C3D0B700622CF3 /* TicketListViewModel.swift */,
				42D940B729CB9CA200622CF3 /* TicketViewModel.swift */,
			);
			name = ViewModels;
			sourceTree = "<group>";
		};
		4260044B29BDD49B003E0433 /* Helpers */ = {
			isa = PBXGroup;
			children = (
				4247B9EB29D4A8C300B312AC /* Matched */,
				4208E4AE29BDF6D400E2A5FC /* Samples.swift */,
				4260044D29BDD4DC003E0433 /* ToggleTextField.swift */,
				4247B9F029D4AA5D00B312AC /* AirportPicker.swift */,
				4208E4C829BE785000E2A5FC /* AirportField.swift */,
				42D9407629C4FCAC00622CF3 /* AircraftPicker.swift */,
				4247B9F229D4AB0700B312AC /* AircraftField.swift */,
				42D940BF29CCF8CA00622CF3 /* FlightPicker.swift */,
				42D9407A29C7212800622CF3 /* StyleModifiers.swift */,
				42D940B929CB9D8B00622CF3 /* StandardEditButtons.swift */,
				42D940BB29CCDD6F00622CF3 /* CryptoExtensions.swift */,
				42D940C129CCFCD800622CF3 /* PassengerPicker.swift */,
				42D940C329CE354900622CF3 /* IconWithBadge.swift */,
			);
			name = Helpers;
			sourceTree = "<group>";
		};
		4260044C29BDD4A1003E0433 /* Views */ = {
			isa = PBXGroup;
			children = (
				4269B41829BBCA9D009891C6 /* MainView.swift */,
				4260044829BDD40E003E0433 /* AccountAndSettingsView.swift */,
				4260043E29BDCA72003E0433 /* InitialSigninView.swift */,
				4260042C29BCF2D0003E0433 /* AirlineView.swift */,
				4260043229BD1829003E0433 /* AircraftListView.swift */,
				426A29E029C26ABD00CACB19 /* AircraftEditView.swift */,
				42E58E2429C25A2F00185971 /* AircraftRowView.swift */,
				42D940C729CEF5AB00622CF3 /* PassengerRowView.swift */,
				4260044229BDCBE2003E0433 /* PassengerListView.swift */,
				42D9406729C3C35B00622CF3 /* FlightEditView.swift */,
				42D9406B29C3C75600622CF3 /* FlightRowView.swift */,
				4260044429BDD0F9003E0433 /* FlightListView.swift */,
				4260044629BDD127003E0433 /* TicketListView.swift */,
				42D9407229C3D37A00622CF3 /* TicketRowView.swift */,
				42D9407429C3D48300622CF3 /* TicketEditView.swift */,
				42D940B229CA28C900622CF3 /* ScanTicketView.swift */,
				42D940C929CEF86F00622CF3 /* StatsView.swift */,
			);
			name = Views;
			sourceTree = "<group>";
		};
		4269B3D929BBC84C009891C6 = {
			isa = PBXGroup;
			children = (
				4269B3E429BBC84C009891C6 /* flyfunboarding */,
				4269B3F529BBC84D009891C6 /* flyfunboardingTests */,
				4269B3FF29BBC84D009891C6 /* flyfunboardingUITests */,
				4269B3E329BBC84C009891C6 /* Products */,
			);
			sourceTree = "<group>";
		};
		4269B3E329BBC84C009891C6 /* Products */ = {
			isa = PBXGroup;
			children = (
				4269B3E229BBC84C009891C6 /* flyfunboarding.app */,
				4269B3F229BBC84D009891C6 /* flyfunboardingTests.xctest */,
				4269B3FC29BBC84D009891C6 /* flyfunboardingUITests.xctest */,
			);
			name = Products;
			sourceTree = "<group>";
		};
		4269B3E429BBC84C009891C6 /* flyfunboarding */ = {
			isa = PBXGroup;
			children = (
				4247B9B429D24EEE00B312AC /* Info.plist */,
				4269B41629BBCA6D009891C6 /* UserInterface */,
				4269B43A29BCB08D009891C6 /* RemoteService */,
				4269B41429BBCA5E009891C6 /* DataModels */,
				4269B41329BBCA54009891C6 /* App */,
				4269B40F29BBC9A9009891C6 /* flyfunboarding.entitlements */,
				4269B3E929BBC84C009891C6 /* Assets.xcassets */,
				4245DB1A29BCBDC0004B9953 /* SupportingFiles */,
				4269B3EB29BBC84C009891C6 /* Preview Content */,
			);
			path = flyfunboarding;
			sourceTree = "<group>";
		};
		4269B3EB29BBC84C009891C6 /* Preview Content */ = {
			isa = PBXGroup;
			children = (
				4269B43029BCA4EA009891C6 /* sample_aircrafts.json */,
				4269B43229BCA4EA009891C6 /* sample_airline.json */,
				4269B43129BCA4EA009891C6 /* sample_flights.json */,
				4269B43329BCA4EA009891C6 /* sample_passengers.json */,
				4269B43429BCA4EA009891C6 /* sample_tickets.json */,
				4269B3EC29BBC84C009891C6 /* Preview Assets.xcassets */,
			);
			path = "Preview Content";
			sourceTree = "<group>";
		};
		4269B3F529BBC84D009891C6 /* flyfunboardingTests */ = {
			isa = PBXGroup;
			children = (
				4269B3F629BBC84D009891C6 /* flyfunboardingTests.swift */,
			);
			path = flyfunboardingTests;
			sourceTree = "<group>";
		};
		4269B3FF29BBC84D009891C6 /* flyfunboardingUITests */ = {
			isa = PBXGroup;
			children = (
				4269B40029BBC84D009891C6 /* flyfunboardingUITests.swift */,
				4269B40229BBC84D009891C6 /* flyfunboardingUITestsLaunchTests.swift */,
			);
			path = flyfunboardingUITests;
			sourceTree = "<group>";
		};
		4269B41329BBCA54009891C6 /* App */ = {
			isa = PBXGroup;
			children = (
				4269B41A29BBCAB6009891C6 /* FlyFunBoardingApp.swift */,
				4269B42A29BC75E9009891C6 /* Settings.swift */,
				4269B42D29BC77B3009891C6 /* Log.swift */,
				4245DB1B29BCBE40004B9953 /* Secrets.swift */,
				42D9407829C6617200622CF3 /* SwiftStringScore.swift */,
			);
			name = App;
			sourceTree = "<group>";
		};
		4269B41429BBCA5E009891C6 /* DataModels */ = {
			isa = PBXGroup;
			children = (
				4208E4C129BE5A1E00E2A5FC /* KnownAirports.swift */,
				4269B43B29BCB0A9009891C6 /* Airline.swift */,
				4260043629BD18B9003E0433 /* Aircraft.swift */,
				4260044029BDCAF8003E0433 /* Passenger.swift */,
				42E58E1A29BFE36900185971 /* Flight.swift */,
				42E58E1C29BFE67100185971 /* Ticket.swift */,
				42D940C529CEF31F00622CF3 /* Stats.swift */,
			);
			name = DataModels;
			sourceTree = "<group>";
		};
		4269B41629BBCA6D009891C6 /* UserInterface */ = {
			isa = PBXGroup;
			children = (
				4260044B29BDD49B003E0433 /* Helpers */,
				4260044A29BDD494003E0433 /* ViewModels */,
				4260044C29BDD4A1003E0433 /* Views */,
			);
			name = UserInterface;
			sourceTree = "<group>";
		};
		4269B43A29BCB08D009891C6 /* RemoteService */ = {
			isa = PBXGroup;
			children = (
				4269B43D29BCB1E6009891C6 /* RemoteService.swift */,
			);
			name = RemoteService;
			sourceTree = "<group>";
		};
/* End PBXGroup section */

/* Begin PBXNativeTarget section */
		4269B3E129BBC84C009891C6 /* flyfunboarding */ = {
			isa = PBXNativeTarget;
			buildConfigurationList = 4269B40629BBC84D009891C6 /* Build configuration list for PBXNativeTarget "flyfunboarding" */;
			buildPhases = (
				4245DB1729BCB98C004B9953 /* Run Script Validate Secrets.json */,
				4208E4C029BE529400E2A5FC /* Run Script Validate Airports.db */,
				4269B3DE29BBC84C009891C6 /* Sources */,
				4269B3DF29BBC84C009891C6 /* Frameworks */,
				4269B3E029BBC84C009891C6 /* Resources */,
			);
			buildRules = (
			);
			dependencies = (
			);
			name = flyfunboarding;
			packageProductDependencies = (
				4269B42229BC75CA009891C6 /* RZData */,
				4269B42429BC75CA009891C6 /* RZUtils */,
				4269B42629BC75CA009891C6 /* RZUtilsSwift */,
				4269B42829BC75CA009891C6 /* RZUtilsUniversal */,
				4208E4B729BE29B100E2A5FC /* SwiftUIKit */,
				4208E4BC29BE4E7400E2A5FC /* RZFlight */,
				4208E4C429BE5CB300E2A5FC /* KDTree */,
				42BBE9B229D0512300543641 /* CodeScanner */,
				4247B9AB29D22CDF00B312AC /* RZExternalUniversal */,
			);
			productName = flyfunboarding;
			productReference = 4269B3E229BBC84C009891C6 /* flyfunboarding.app */;
			productType = "com.apple.product-type.application";
		};
		4269B3F129BBC84D009891C6 /* flyfunboardingTests */ = {
			isa = PBXNativeTarget;
			buildConfigurationList = 4269B40929BBC84D009891C6 /* Build configuration list for PBXNativeTarget "flyfunboardingTests" */;
			buildPhases = (
				4269B3EE29BBC84D009891C6 /* Sources */,
				4269B3EF29BBC84D009891C6 /* Frameworks */,
				4269B3F029BBC84D009891C6 /* Resources */,
			);
			buildRules = (
			);
			dependencies = (
				4269B3F429BBC84D009891C6 /* PBXTargetDependency */,
			);
			name = flyfunboardingTests;
			productName = flyfunboardingTests;
			productReference = 4269B3F229BBC84D009891C6 /* flyfunboardingTests.xctest */;
			productType = "com.apple.product-type.bundle.unit-test";
		};
		4269B3FB29BBC84D009891C6 /* flyfunboardingUITests */ = {
			isa = PBXNativeTarget;
			buildConfigurationList = 4269B40C29BBC84D009891C6 /* Build configuration list for PBXNativeTarget "flyfunboardingUITests" */;
			buildPhases = (
				4269B3F829BBC84D009891C6 /* Sources */,
				4269B3F929BBC84D009891C6 /* Frameworks */,
				4269B3FA29BBC84D009891C6 /* Resources */,
			);
			buildRules = (
			);
			dependencies = (
				4269B3FE29BBC84D009891C6 /* PBXTargetDependency */,
			);
			name = flyfunboardingUITests;
			productName = flyfunboardingUITests;
			productReference = 4269B3FC29BBC84D009891C6 /* flyfunboardingUITests.xctest */;
			productType = "com.apple.product-type.bundle.ui-testing";
		};
/* End PBXNativeTarget section */

/* Begin PBXProject section */
		4269B3DA29BBC84C009891C6 /* Project object */ = {
			isa = PBXProject;
			attributes = {
				BuildIndependentTargetsInParallel = 1;
				LastSwiftUpdateCheck = 1420;
				LastUpgradeCheck = 1420;
				TargetAttributes = {
					4269B3E129BBC84C009891C6 = {
						CreatedOnToolsVersion = 14.2;
						LastSwiftMigration = 1420;
					};
					4269B3F129BBC84D009891C6 = {
						CreatedOnToolsVersion = 14.2;
						TestTargetID = 4269B3E129BBC84C009891C6;
					};
					4269B3FB29BBC84D009891C6 = {
						CreatedOnToolsVersion = 14.2;
						TestTargetID = 4269B3E129BBC84C009891C6;
					};
				};
			};
			buildConfigurationList = 4269B3DD29BBC84C009891C6 /* Build configuration list for PBXProject "flyfunboarding" */;
			compatibilityVersion = "Xcode 14.0";
			developmentRegion = en;
			hasScannedForEncodings = 0;
			knownRegions = (
				en,
				Base,
				fr,
			);
			mainGroup = 4269B3D929BBC84C009891C6;
			packageReferences = (
				4269B42129BC75CA009891C6 /* XCRemoteSwiftPackageReference "rzutils" */,
				4208E4B629BE29B100E2A5FC /* XCRemoteSwiftPackageReference "SwiftUIKit" */,
				4208E4BB29BE4E7400E2A5FC /* XCRemoteSwiftPackageReference "rzflight" */,
				4208E4C329BE5CB300E2A5FC /* XCRemoteSwiftPackageReference "KDTree" */,
				42BBE9B129D0512300543641 /* XCRemoteSwiftPackageReference "CodeScanner" */,
				4247B9AA29D22CDF00B312AC /* XCRemoteSwiftPackageReference "rzexternal" */,
			);
			productRefGroup = 4269B3E329BBC84C009891C6 /* Products */;
			projectDirPath = "";
			projectRoot = "";
			targets = (
				4269B3E129BBC84C009891C6 /* flyfunboarding */,
				4269B3F129BBC84D009891C6 /* flyfunboardingTests */,
				4269B3FB29BBC84D009891C6 /* flyfunboardingUITests */,
			);
		};
/* End PBXProject section */

/* Begin PBXResourcesBuildPhase section */
		4269B3E029BBC84C009891C6 /* Resources */ = {
			isa = PBXResourcesBuildPhase;
			buildActionMask = 2147483647;
			files = (
				4269B43929BCA4EA009891C6 /* sample_tickets.json in Resources */,
				4269B43729BCA4EA009891C6 /* sample_airline.json in Resources */,
				4247B9B129D2310000B312AC /* combined-shapefile.shp in Resources */,
				4269B3ED29BBC84C009891C6 /* Preview Assets.xcassets in Resources */,
				4269B43829BCA4EA009891C6 /* sample_passengers.json in Resources */,
				4269B43629BCA4EA009891C6 /* sample_flights.json in Resources */,
				42E58E2029C2590200185971 /* Localizable.strings in Resources */,
				4247B9B029D2310000B312AC /* combined-shapefile.dbf in Resources */,
				4245DB1929BCBDB6004B9953 /* secrets.json in Resources */,
				4247B9B329D235F500B312AC /* combined-shapefile.shx in Resources */,
				42E58E1929BFD45000185971 /* airports.db in Resources */,
				4269B3EA29BBC84C009891C6 /* Assets.xcassets in Resources */,
				4269B43529BCA4EA009891C6 /* sample_aircrafts.json in Resources */,
			);
			runOnlyForDeploymentPostprocessing = 0;
		};
		4269B3F029BBC84D009891C6 /* Resources */ = {
			isa = PBXResourcesBuildPhase;
			buildActionMask = 2147483647;
			files = (
			);
			runOnlyForDeploymentPostprocessing = 0;
		};
		4269B3FA29BBC84D009891C6 /* Resources */ = {
			isa = PBXResourcesBuildPhase;
			buildActionMask = 2147483647;
			files = (
			);
			runOnlyForDeploymentPostprocessing = 0;
		};
/* End PBXResourcesBuildPhase section */

/* Begin PBXShellScriptBuildPhase section */
		4208E4C029BE529400E2A5FC /* Run Script Validate Airports.db */ = {
			isa = PBXShellScriptBuildPhase;
			alwaysOutOfDate = 1;
			buildActionMask = 2147483647;
			files = (
			);
			inputFileListPaths = (
			);
			inputPaths = (
			);
			name = "Run Script Validate Airports.db";
			outputFileListPaths = (
			);
			outputPaths = (
			);
			runOnlyForDeploymentPostprocessing = 0;
			shellPath = /bin/sh;
			shellScript = "AIRPORTDB=$SRCROOT/flyfunboarding/python/airports.db\n\nif [ -f $AIRPORTDB ]; then\n    echo \"Checked $AIRPORTDB\"\nelse\n    echo \"Creating empty $AIRPORTDB\"\n    sqlite3 $AIRPORTDB \"\" \".quit\"\nfi\n\n";
		};
		4245DB1729BCB98C004B9953 /* Run Script Validate Secrets.json */ = {
			isa = PBXShellScriptBuildPhase;
			alwaysOutOfDate = 1;
			buildActionMask = 2147483647;
			files = (
			);
			inputFileListPaths = (
			);
			inputPaths = (
			);
			name = "Run Script Validate Secrets.json";
			outputFileListPaths = (
			);
			outputPaths = (
			);
			runOnlyForDeploymentPostprocessing = 0;
			shellPath = /bin/sh;
			shellScript = "SECRETS=$SRCROOT/flyfunboarding/secrets.json\nSAMPLE_SECRETS=$SRCROOT/flyfunboarding/secrets.sample.json\n\nif [ -f $SECRETS ]; then\n    echo \"Checked $SECRETS\"\nelse\n    if [ -f $SAMPLE_SECRETS ]; then\n        echo \"Creating $SECRETS\"\n        /bin/cp $SAMPLE_SECRETS $SECRETS\n    fi\nfi\n";
		};
/* End PBXShellScriptBuildPhase section */

/* Begin PBXSourcesBuildPhase section */
		4269B3DE29BBC84C009891C6 /* Sources */ = {
			isa = PBXSourcesBuildPhase;
			buildActionMask = 2147483647;
			files = (
				4247B9F329D4AB0700B312AC /* AircraftField.swift in Sources */,
				4269B42B29BC75E9009891C6 /* Settings.swift in Sources */,
				4260044529BDD0F9003E0433 /* FlightListView.swift in Sources */,
				4260044329BDCBE2003E0433 /* PassengerListView.swift in Sources */,
				4269B43E29BCB1E6009891C6 /* RemoteService.swift in Sources */,
				42D9406829C3C35B00622CF3 /* FlightEditView.swift in Sources */,
				42D9407929C6617200622CF3 /* SwiftStringScore.swift in Sources */,
				4260044729BDD127003E0433 /* TicketListView.swift in Sources */,
				4260044129BDCAF8003E0433 /* Passenger.swift in Sources */,
				42D9407329C3D37A00622CF3 /* TicketRowView.swift in Sources */,
				4208E4C929BE785000E2A5FC /* AirportField.swift in Sources */,
				4245DB1C29BCBE40004B9953 /* Secrets.swift in Sources */,
				4208E4C229BE5A1E00E2A5FC /* KnownAirports.swift in Sources */,
				42E58E2529C25A2F00185971 /* AircraftRowView.swift in Sources */,
				4269B41929BBCA9D009891C6 /* MainView.swift in Sources */,
				42D940BC29CCDD6F00622CF3 /* CryptoExtensions.swift in Sources */,
				4260043129BCF66D003E0433 /* AirlineViewModel.swift in Sources */,
				4208E4AD29BDF5F100E2A5FC /* AircraftViewModel.swift in Sources */,
				42D940C229CCFCD800622CF3 /* PassengerPicker.swift in Sources */,
				42D940C029CCF8CA00622CF3 /* FlightPicker.swift in Sources */,
				42E58E1B29BFE36900185971 /* Flight.swift in Sources */,
				4260043F29BDCA72003E0433 /* InitialSigninView.swift in Sources */,
				42D940BA29CB9D8B00622CF3 /* StandardEditButtons.swift in Sources */,
				4247B9ED29D4A8E500B312AC /* MatchedAirport.swift in Sources */,
				42E58E1D29BFE67100185971 /* Ticket.swift in Sources */,
				42D940B829CB9CA200622CF3 /* TicketViewModel.swift in Sources */,
				4260042D29BCF2D0003E0433 /* AirlineView.swift in Sources */,
				42D9407729C4FCAC00622CF3 /* AircraftPicker.swift in Sources */,
				4260043529BD186A003E0433 /* AircraftListViewModel.swift in Sources */,
				4208E4AF29BDF6D400E2A5FC /* Samples.swift in Sources */,
				42D940C829CEF5AB00622CF3 /* PassengerRowView.swift in Sources */,
				426A29E129C26ABD00CACB19 /* AircraftEditView.swift in Sources */,
				4260043729BD18B9003E0433 /* Aircraft.swift in Sources */,
				42D9406A29C3C3D800622CF3 /* FlightListViewModel.swift in Sources */,
				42D9407529C3D48300622CF3 /* TicketEditView.swift in Sources */,
				42D940CA29CEF86F00622CF3 /* StatsView.swift in Sources */,
				42D940B329CA28C900622CF3 /* ScanTicketView.swift in Sources */,
				4260042F29BCF415003E0433 /* AccountModel.swift in Sources */,
				42D9406F29C3C87B00622CF3 /* FlightViewModel.swift in Sources */,
				4260044929BDD40E003E0433 /* AccountAndSettingsView.swift in Sources */,
				42D9407129C3D0B700622CF3 /* TicketListViewModel.swift in Sources */,
				4208E4BA29BE2E3D00E2A5FC /* PassengerListViewModel.swift in Sources */,
				4260044E29BDD4DC003E0433 /* ToggleTextField.swift in Sources */,
				4269B42E29BC77B3009891C6 /* Log.swift in Sources */,
				4247B9EF29D4AA3100B312AC /* MatchedAircraft.swift in Sources */,
				42D9407B29C7212800622CF3 /* StyleModifiers.swift in Sources */,
				42D940C629CEF31F00622CF3 /* Stats.swift in Sources */,
				4260043329BD1829003E0433 /* AircraftListView.swift in Sources */,
				42D940C429CE354900622CF3 /* IconWithBadge.swift in Sources */,
				4269B43C29BCB0A9009891C6 /* Airline.swift in Sources */,
				4247B9F129D4AA5D00B312AC /* AirportPicker.swift in Sources */,
				4269B41B29BBCAB6009891C6 /* FlyFunBoardingApp.swift in Sources */,
				42D9406C29C3C75600622CF3 /* FlightRowView.swift in Sources */,
			);
			runOnlyForDeploymentPostprocessing = 0;
		};
		4269B3EE29BBC84D009891C6 /* Sources */ = {
			isa = PBXSourcesBuildPhase;
			buildActionMask = 2147483647;
			files = (
				4269B3F729BBC84D009891C6 /* flyfunboardingTests.swift in Sources */,
			);
			runOnlyForDeploymentPostprocessing = 0;
		};
		4269B3F829BBC84D009891C6 /* Sources */ = {
			isa = PBXSourcesBuildPhase;
			buildActionMask = 2147483647;
			files = (
				4269B40329BBC84D009891C6 /* flyfunboardingUITestsLaunchTests.swift in Sources */,
				4269B40129BBC84D009891C6 /* flyfunboardingUITests.swift in Sources */,
			);
			runOnlyForDeploymentPostprocessing = 0;
		};
/* End PBXSourcesBuildPhase section */

/* Begin PBXTargetDependency section */
		4269B3F429BBC84D009891C6 /* PBXTargetDependency */ = {
			isa = PBXTargetDependency;
			target = 4269B3E129BBC84C009891C6 /* flyfunboarding */;
			targetProxy = 4269B3F329BBC84D009891C6 /* PBXContainerItemProxy */;
		};
		4269B3FE29BBC84D009891C6 /* PBXTargetDependency */ = {
			isa = PBXTargetDependency;
			target = 4269B3E129BBC84C009891C6 /* flyfunboarding */;
			targetProxy = 4269B3FD29BBC84D009891C6 /* PBXContainerItemProxy */;
		};
/* End PBXTargetDependency section */

/* Begin PBXVariantGroup section */
		42E58E2229C2590200185971 /* Localizable.strings */ = {
			isa = PBXVariantGroup;
			children = (
				42E58E2129C2590200185971 /* en */,
				42E58E2329C2590700185971 /* fr */,
			);
			name = Localizable.strings;
			sourceTree = "<group>";
		};
/* End PBXVariantGroup section */

/* Begin XCBuildConfiguration section */
		4269B40429BBC84D009891C6 /* Debug */ = {
			isa = XCBuildConfiguration;
			buildSettings = {
				ALWAYS_SEARCH_USER_PATHS = NO;
				CLANG_ANALYZER_NONNULL = YES;
				CLANG_ANALYZER_NUMBER_OBJECT_CONVERSION = YES_AGGRESSIVE;
				CLANG_CXX_LANGUAGE_STANDARD = "gnu++20";
				CLANG_ENABLE_MODULES = YES;
				CLANG_ENABLE_OBJC_ARC = YES;
				CLANG_ENABLE_OBJC_WEAK = YES;
				CLANG_WARN_BLOCK_CAPTURE_AUTORELEASING = YES;
				CLANG_WARN_BOOL_CONVERSION = YES;
				CLANG_WARN_COMMA = YES;
				CLANG_WARN_CONSTANT_CONVERSION = YES;
				CLANG_WARN_DEPRECATED_OBJC_IMPLEMENTATIONS = YES;
				CLANG_WARN_DIRECT_OBJC_ISA_USAGE = YES_ERROR;
				CLANG_WARN_DOCUMENTATION_COMMENTS = YES;
				CLANG_WARN_EMPTY_BODY = YES;
				CLANG_WARN_ENUM_CONVERSION = YES;
				CLANG_WARN_INFINITE_RECURSION = YES;
				CLANG_WARN_INT_CONVERSION = YES;
				CLANG_WARN_NON_LITERAL_NULL_CONVERSION = YES;
				CLANG_WARN_OBJC_IMPLICIT_RETAIN_SELF = YES;
				CLANG_WARN_OBJC_LITERAL_CONVERSION = YES;
				CLANG_WARN_OBJC_ROOT_CLASS = YES_ERROR;
				CLANG_WARN_QUOTED_INCLUDE_IN_FRAMEWORK_HEADER = YES;
				CLANG_WARN_RANGE_LOOP_ANALYSIS = YES;
				CLANG_WARN_STRICT_PROTOTYPES = YES;
				CLANG_WARN_SUSPICIOUS_MOVE = YES;
				CLANG_WARN_UNGUARDED_AVAILABILITY = YES_AGGRESSIVE;
				CLANG_WARN_UNREACHABLE_CODE = YES;
				CLANG_WARN__DUPLICATE_METHOD_MATCH = YES;
				COPY_PHASE_STRIP = NO;
				DEBUG_INFORMATION_FORMAT = dwarf;
				ENABLE_STRICT_OBJC_MSGSEND = YES;
				ENABLE_TESTABILITY = YES;
				GCC_C_LANGUAGE_STANDARD = gnu11;
				GCC_DYNAMIC_NO_PIC = NO;
				GCC_NO_COMMON_BLOCKS = YES;
				GCC_OPTIMIZATION_LEVEL = 0;
				GCC_PREPROCESSOR_DEFINITIONS = (
					"DEBUG=1",
					"$(inherited)",
				);
				GCC_WARN_64_TO_32_BIT_CONVERSION = YES;
				GCC_WARN_ABOUT_RETURN_TYPE = YES_ERROR;
				GCC_WARN_UNDECLARED_SELECTOR = YES;
				GCC_WARN_UNINITIALIZED_AUTOS = YES_AGGRESSIVE;
				GCC_WARN_UNUSED_FUNCTION = YES;
				GCC_WARN_UNUSED_VARIABLE = YES;
				IPHONEOS_DEPLOYMENT_TARGET = 16.2;
				MTL_ENABLE_DEBUG_INFO = INCLUDE_SOURCE;
				MTL_FAST_MATH = YES;
				ONLY_ACTIVE_ARCH = YES;
				SDKROOT = iphoneos;
				SWIFT_ACTIVE_COMPILATION_CONDITIONS = DEBUG;
				SWIFT_OPTIMIZATION_LEVEL = "-Onone";
			};
			name = Debug;
		};
		4269B40529BBC84D009891C6 /* Release */ = {
			isa = XCBuildConfiguration;
			buildSettings = {
				ALWAYS_SEARCH_USER_PATHS = NO;
				CLANG_ANALYZER_NONNULL = YES;
				CLANG_ANALYZER_NUMBER_OBJECT_CONVERSION = YES_AGGRESSIVE;
				CLANG_CXX_LANGUAGE_STANDARD = "gnu++20";
				CLANG_ENABLE_MODULES = YES;
				CLANG_ENABLE_OBJC_ARC = YES;
				CLANG_ENABLE_OBJC_WEAK = YES;
				CLANG_WARN_BLOCK_CAPTURE_AUTORELEASING = YES;
				CLANG_WARN_BOOL_CONVERSION = YES;
				CLANG_WARN_COMMA = YES;
				CLANG_WARN_CONSTANT_CONVERSION = YES;
				CLANG_WARN_DEPRECATED_OBJC_IMPLEMENTATIONS = YES;
				CLANG_WARN_DIRECT_OBJC_ISA_USAGE = YES_ERROR;
				CLANG_WARN_DOCUMENTATION_COMMENTS = YES;
				CLANG_WARN_EMPTY_BODY = YES;
				CLANG_WARN_ENUM_CONVERSION = YES;
				CLANG_WARN_INFINITE_RECURSION = YES;
				CLANG_WARN_INT_CONVERSION = YES;
				CLANG_WARN_NON_LITERAL_NULL_CONVERSION = YES;
				CLANG_WARN_OBJC_IMPLICIT_RETAIN_SELF = YES;
				CLANG_WARN_OBJC_LITERAL_CONVERSION = YES;
				CLANG_WARN_OBJC_ROOT_CLASS = YES_ERROR;
				CLANG_WARN_QUOTED_INCLUDE_IN_FRAMEWORK_HEADER = YES;
				CLANG_WARN_RANGE_LOOP_ANALYSIS = YES;
				CLANG_WARN_STRICT_PROTOTYPES = YES;
				CLANG_WARN_SUSPICIOUS_MOVE = YES;
				CLANG_WARN_UNGUARDED_AVAILABILITY = YES_AGGRESSIVE;
				CLANG_WARN_UNREACHABLE_CODE = YES;
				CLANG_WARN__DUPLICATE_METHOD_MATCH = YES;
				COPY_PHASE_STRIP = NO;
				DEBUG_INFORMATION_FORMAT = "dwarf-with-dsym";
				ENABLE_NS_ASSERTIONS = NO;
				ENABLE_STRICT_OBJC_MSGSEND = YES;
				GCC_C_LANGUAGE_STANDARD = gnu11;
				GCC_NO_COMMON_BLOCKS = YES;
				GCC_WARN_64_TO_32_BIT_CONVERSION = YES;
				GCC_WARN_ABOUT_RETURN_TYPE = YES_ERROR;
				GCC_WARN_UNDECLARED_SELECTOR = YES;
				GCC_WARN_UNINITIALIZED_AUTOS = YES_AGGRESSIVE;
				GCC_WARN_UNUSED_FUNCTION = YES;
				GCC_WARN_UNUSED_VARIABLE = YES;
				IPHONEOS_DEPLOYMENT_TARGET = 16.2;
				MTL_ENABLE_DEBUG_INFO = NO;
				MTL_FAST_MATH = YES;
				SDKROOT = iphoneos;
				SWIFT_COMPILATION_MODE = wholemodule;
				SWIFT_OPTIMIZATION_LEVEL = "-O";
				VALIDATE_PRODUCT = YES;
			};
			name = Release;
		};
		4269B40729BBC84D009891C6 /* Debug */ = {
			isa = XCBuildConfiguration;
			buildSettings = {
				ASSETCATALOG_COMPILER_APPICON_NAME = AppIcon;
				ASSETCATALOG_COMPILER_GLOBAL_ACCENT_COLOR_NAME = AccentColor;
				CLANG_ENABLE_MODULES = YES;
				CODE_SIGN_ENTITLEMENTS = flyfunboarding/flyfunboarding.entitlements;
				CODE_SIGN_STYLE = Automatic;
				CURRENT_PROJECT_VERSION = 1;
				DEVELOPMENT_ASSET_PATHS = "\"flyfunboarding/Preview Content\"";
				DEVELOPMENT_TEAM = M7QSSF3624;
				ENABLE_PREVIEWS = YES;
				GENERATE_INFOPLIST_FILE = YES;
				INFOPLIST_FILE = flyfunboarding/Info.plist;
				INFOPLIST_KEY_CFBundleDisplayName = FlyFunBoarding;
				INFOPLIST_KEY_NSCameraUsageDescription = "Scan Boarding Pass";
				INFOPLIST_KEY_NSLocationWhenInUseUsageDescription = "Access location to find the airport closest to you";
				INFOPLIST_KEY_UIApplicationSupportsIndirectInputEvents = YES;
				INFOPLIST_KEY_UILaunchScreen_Generation = YES;
				INFOPLIST_KEY_UISupportedInterfaceOrientations_iPad = "UIInterfaceOrientationPortrait UIInterfaceOrientationPortraitUpsideDown UIInterfaceOrientationLandscapeLeft UIInterfaceOrientationLandscapeRight";
				INFOPLIST_KEY_UISupportedInterfaceOrientations_iPhone = "UIInterfaceOrientationPortrait UIInterfaceOrientationLandscapeLeft UIInterfaceOrientationLandscapeRight";
				LD_RUNPATH_SEARCH_PATHS = (
					"$(inherited)",
					"@executable_path/Frameworks",
				);
				MARKETING_VERSION = 1.0.2;
				PRODUCT_BUNDLE_IDENTIFIER = "net.ro-z.flyfunboarding";
				PRODUCT_NAME = "$(TARGET_NAME)";
				SWIFT_EMIT_LOC_STRINGS = YES;
				SWIFT_OBJC_BRIDGING_HEADER = "flyfunboarding/Source/FlyFunBoarding-Bridging-Header.h";
				SWIFT_OPTIMIZATION_LEVEL = "-Onone";
				SWIFT_VERSION = 5.0;
				TARGETED_DEVICE_FAMILY = "1,2";
			};
			name = Debug;
		};
		4269B40829BBC84D009891C6 /* Release */ = {
			isa = XCBuildConfiguration;
			buildSettings = {
				ASSETCATALOG_COMPILER_APPICON_NAME = AppIcon;
				ASSETCATALOG_COMPILER_GLOBAL_ACCENT_COLOR_NAME = AccentColor;
				CLANG_ENABLE_MODULES = YES;
				CODE_SIGN_ENTITLEMENTS = flyfunboarding/flyfunboarding.entitlements;
				CODE_SIGN_STYLE = Automatic;
				CURRENT_PROJECT_VERSION = 1;
				DEVELOPMENT_ASSET_PATHS = "\"flyfunboarding/Preview Content\"";
				DEVELOPMENT_TEAM = M7QSSF3624;
				ENABLE_PREVIEWS = YES;
				GENERATE_INFOPLIST_FILE = YES;
				INFOPLIST_FILE = flyfunboarding/Info.plist;
				INFOPLIST_KEY_CFBundleDisplayName = FlyFunBoarding;
				INFOPLIST_KEY_NSCameraUsageDescription = "Scan Boarding Pass";
				INFOPLIST_KEY_NSLocationWhenInUseUsageDescription = "Access location to find the airport closest to you";
				INFOPLIST_KEY_UIApplicationSupportsIndirectInputEvents = YES;
				INFOPLIST_KEY_UILaunchScreen_Generation = YES;
				INFOPLIST_KEY_UISupportedInterfaceOrientations_iPad = "UIInterfaceOrientationPortrait UIInterfaceOrientationPortraitUpsideDown UIInterfaceOrientationLandscapeLeft UIInterfaceOrientationLandscapeRight";
				INFOPLIST_KEY_UISupportedInterfaceOrientations_iPhone = "UIInterfaceOrientationPortrait UIInterfaceOrientationLandscapeLeft UIInterfaceOrientationLandscapeRight";
				LD_RUNPATH_SEARCH_PATHS = (
					"$(inherited)",
					"@executable_path/Frameworks",
				);
				MARKETING_VERSION = 1.0.2;
				PRODUCT_BUNDLE_IDENTIFIER = "net.ro-z.flyfunboarding";
				PRODUCT_NAME = "$(TARGET_NAME)";
				SWIFT_EMIT_LOC_STRINGS = YES;
				SWIFT_OBJC_BRIDGING_HEADER = "flyfunboarding/Source/FlyFunBoarding-Bridging-Header.h";
				SWIFT_VERSION = 5.0;
				TARGETED_DEVICE_FAMILY = "1,2";
			};
			name = Release;
		};
		4269B40A29BBC84D009891C6 /* Debug */ = {
			isa = XCBuildConfiguration;
			buildSettings = {
				ALWAYS_EMBED_SWIFT_STANDARD_LIBRARIES = YES;
				BUNDLE_LOADER = "$(TEST_HOST)";
				CODE_SIGN_STYLE = Automatic;
				CURRENT_PROJECT_VERSION = 1;
				DEVELOPMENT_TEAM = M7QSSF3624;
				GENERATE_INFOPLIST_FILE = YES;
				IPHONEOS_DEPLOYMENT_TARGET = 16.2;
				MARKETING_VERSION = 1.0;
				PRODUCT_BUNDLE_IDENTIFIER = "net.ro-z.flyfunboardingTests";
				PRODUCT_NAME = "$(TARGET_NAME)";
				SWIFT_EMIT_LOC_STRINGS = NO;
				SWIFT_VERSION = 5.0;
				TARGETED_DEVICE_FAMILY = "1,2";
				TEST_HOST = "$(BUILT_PRODUCTS_DIR)/flyfunboarding.app/$(BUNDLE_EXECUTABLE_FOLDER_PATH)/flyfunboarding";
			};
			name = Debug;
		};
		4269B40B29BBC84D009891C6 /* Release */ = {
			isa = XCBuildConfiguration;
			buildSettings = {
				ALWAYS_EMBED_SWIFT_STANDARD_LIBRARIES = YES;
				BUNDLE_LOADER = "$(TEST_HOST)";
				CODE_SIGN_STYLE = Automatic;
				CURRENT_PROJECT_VERSION = 1;
				DEVELOPMENT_TEAM = M7QSSF3624;
				GENERATE_INFOPLIST_FILE = YES;
				IPHONEOS_DEPLOYMENT_TARGET = 16.2;
				MARKETING_VERSION = 1.0;
				PRODUCT_BUNDLE_IDENTIFIER = "net.ro-z.flyfunboardingTests";
				PRODUCT_NAME = "$(TARGET_NAME)";
				SWIFT_EMIT_LOC_STRINGS = NO;
				SWIFT_VERSION = 5.0;
				TARGETED_DEVICE_FAMILY = "1,2";
				TEST_HOST = "$(BUILT_PRODUCTS_DIR)/flyfunboarding.app/$(BUNDLE_EXECUTABLE_FOLDER_PATH)/flyfunboarding";
			};
			name = Release;
		};
		4269B40D29BBC84D009891C6 /* Debug */ = {
			isa = XCBuildConfiguration;
			buildSettings = {
				ALWAYS_EMBED_SWIFT_STANDARD_LIBRARIES = YES;
				CODE_SIGN_STYLE = Automatic;
				CURRENT_PROJECT_VERSION = 1;
				DEVELOPMENT_TEAM = M7QSSF3624;
				GENERATE_INFOPLIST_FILE = YES;
				MARKETING_VERSION = 1.0;
				PRODUCT_BUNDLE_IDENTIFIER = "net.ro-z.flyfunboardingUITests";
				PRODUCT_NAME = "$(TARGET_NAME)";
				SWIFT_EMIT_LOC_STRINGS = NO;
				SWIFT_VERSION = 5.0;
				TARGETED_DEVICE_FAMILY = "1,2";
				TEST_TARGET_NAME = flyfunboarding;
			};
			name = Debug;
		};
		4269B40E29BBC84D009891C6 /* Release */ = {
			isa = XCBuildConfiguration;
			buildSettings = {
				ALWAYS_EMBED_SWIFT_STANDARD_LIBRARIES = YES;
				CODE_SIGN_STYLE = Automatic;
				CURRENT_PROJECT_VERSION = 1;
				DEVELOPMENT_TEAM = M7QSSF3624;
				GENERATE_INFOPLIST_FILE = YES;
				MARKETING_VERSION = 1.0;
				PRODUCT_BUNDLE_IDENTIFIER = "net.ro-z.flyfunboardingUITests";
				PRODUCT_NAME = "$(TARGET_NAME)";
				SWIFT_EMIT_LOC_STRINGS = NO;
				SWIFT_VERSION = 5.0;
				TARGETED_DEVICE_FAMILY = "1,2";
				TEST_TARGET_NAME = flyfunboarding;
			};
			name = Release;
		};
/* End XCBuildConfiguration section */

/* Begin XCConfigurationList section */
		4269B3DD29BBC84C009891C6 /* Build configuration list for PBXProject "flyfunboarding" */ = {
			isa = XCConfigurationList;
			buildConfigurations = (
				4269B40429BBC84D009891C6 /* Debug */,
				4269B40529BBC84D009891C6 /* Release */,
			);
			defaultConfigurationIsVisible = 0;
			defaultConfigurationName = Release;
		};
		4269B40629BBC84D009891C6 /* Build configuration list for PBXNativeTarget "flyfunboarding" */ = {
			isa = XCConfigurationList;
			buildConfigurations = (
				4269B40729BBC84D009891C6 /* Debug */,
				4269B40829BBC84D009891C6 /* Release */,
			);
			defaultConfigurationIsVisible = 0;
			defaultConfigurationName = Release;
		};
		4269B40929BBC84D009891C6 /* Build configuration list for PBXNativeTarget "flyfunboardingTests" */ = {
			isa = XCConfigurationList;
			buildConfigurations = (
				4269B40A29BBC84D009891C6 /* Debug */,
				4269B40B29BBC84D009891C6 /* Release */,
			);
			defaultConfigurationIsVisible = 0;
			defaultConfigurationName = Release;
		};
		4269B40C29BBC84D009891C6 /* Build configuration list for PBXNativeTarget "flyfunboardingUITests" */ = {
			isa = XCConfigurationList;
			buildConfigurations = (
				4269B40D29BBC84D009891C6 /* Debug */,
				4269B40E29BBC84D009891C6 /* Release */,
			);
			defaultConfigurationIsVisible = 0;
			defaultConfigurationName = Release;
		};
/* End XCConfigurationList section */

/* Begin XCRemoteSwiftPackageReference section */
		4208E4B629BE29B100E2A5FC /* XCRemoteSwiftPackageReference "SwiftUIKit" */ = {
			isa = XCRemoteSwiftPackageReference;
			repositoryURL = "https://github.com/youjinp/SwiftUIKit.git";
			requirement = {
				branch = master;
				kind = branch;
			};
		};
		4208E4BB29BE4E7400E2A5FC /* XCRemoteSwiftPackageReference "rzflight" */ = {
			isa = XCRemoteSwiftPackageReference;
			repositoryURL = "https://github.com/roznet/rzflight";
			requirement = {
				branch = main;
				kind = branch;
			};
		};
		4208E4C329BE5CB300E2A5FC /* XCRemoteSwiftPackageReference "KDTree" */ = {
			isa = XCRemoteSwiftPackageReference;
			repositoryURL = "https://github.com/Bersaelor/KDTree.git";
			requirement = {
				kind = upToNextMajorVersion;
				minimumVersion = 1.0.0;
			};
		};
		4247B9AA29D22CDF00B312AC /* XCRemoteSwiftPackageReference "rzexternal" */ = {
			isa = XCRemoteSwiftPackageReference;
			repositoryURL = "https://github.com/roznet/rzexternal";
			requirement = {
				branch = master;
				kind = branch;
			};
		};
		4269B42129BC75CA009891C6 /* XCRemoteSwiftPackageReference "rzutils" */ = {
			isa = XCRemoteSwiftPackageReference;
			repositoryURL = "https://github.com/roznet/rzutils";
			requirement = {
				branch = master;
				kind = branch;
			};
		};
		42BBE9B129D0512300543641 /* XCRemoteSwiftPackageReference "CodeScanner" */ = {
			isa = XCRemoteSwiftPackageReference;
			repositoryURL = "https://github.com/roznet/CodeScanner";
			requirement = {
				branch = main;
				kind = branch;
			};
		};
/* End XCRemoteSwiftPackageReference section */

/* Begin XCSwiftPackageProductDependency section */
		4208E4B729BE29B100E2A5FC /* SwiftUIKit */ = {
			isa = XCSwiftPackageProductDependency;
			package = 4208E4B629BE29B100E2A5FC /* XCRemoteSwiftPackageReference "SwiftUIKit" */;
			productName = SwiftUIKit;
		};
		4208E4BC29BE4E7400E2A5FC /* RZFlight */ = {
			isa = XCSwiftPackageProductDependency;
			package = 4208E4BB29BE4E7400E2A5FC /* XCRemoteSwiftPackageReference "rzflight" */;
			productName = RZFlight;
		};
		4208E4C429BE5CB300E2A5FC /* KDTree */ = {
			isa = XCSwiftPackageProductDependency;
			package = 4208E4C329BE5CB300E2A5FC /* XCRemoteSwiftPackageReference "KDTree" */;
			productName = KDTree;
		};
		4247B9AB29D22CDF00B312AC /* RZExternalUniversal */ = {
			isa = XCSwiftPackageProductDependency;
			package = 4247B9AA29D22CDF00B312AC /* XCRemoteSwiftPackageReference "rzexternal" */;
			productName = RZExternalUniversal;
		};
		4269B42229BC75CA009891C6 /* RZData */ = {
			isa = XCSwiftPackageProductDependency;
			package = 4269B42129BC75CA009891C6 /* XCRemoteSwiftPackageReference "rzutils" */;
			productName = RZData;
		};
		4269B42429BC75CA009891C6 /* RZUtils */ = {
			isa = XCSwiftPackageProductDependency;
			package = 4269B42129BC75CA009891C6 /* XCRemoteSwiftPackageReference "rzutils" */;
			productName = RZUtils;
		};
		4269B42629BC75CA009891C6 /* RZUtilsSwift */ = {
			isa = XCSwiftPackageProductDependency;
			package = 4269B42129BC75CA009891C6 /* XCRemoteSwiftPackageReference "rzutils" */;
			productName = RZUtilsSwift;
		};
		4269B42829BC75CA009891C6 /* RZUtilsUniversal */ = {
			isa = XCSwiftPackageProductDependency;
			package = 4269B42129BC75CA009891C6 /* XCRemoteSwiftPackageReference "rzutils" */;
			productName = RZUtilsUniversal;
		};
		42BBE9B229D0512300543641 /* CodeScanner */ = {
			isa = XCSwiftPackageProductDependency;
			package = 42BBE9B129D0512300543641 /* XCRemoteSwiftPackageReference "CodeScanner" */;
			productName = CodeScanner;
		};
/* End XCSwiftPackageProductDependency section */
	};
	rootObject = 4269B3DA29BBC84C009891C6 /* Project object */;
}
